<Solution>
  <Project Path="UserDirectory.Api/UserDirectory.Api.csproj" />
  <Project Path="UserDirectory.Application/UserDirectory.Application.csproj" />
  <Project Path="UserDirectory.Domain/UserDirectory.Domain.csproj" />
  <Project Path="UserDirectory.Infrastructure/UserDirectory.Infrastructure.csproj" />
  <Project Path="UserDirectory.Tests/UserDirectory.Tests.csproj" />
</Solution>
